
Microsoft Visual Studio Solution File, Format Version 12.00
# Visual Studio Version 17
VisualStudioVersion = 17.11.35312.102
MinimumVisualStudioVersion = 10.0.40219.1
Project("{FAE04EC0-301F-11D3-BF4B-00C04F79EFBC}") = "Compliments", "Compliments\Compliments.csproj", "{F6FA27C0-9F8D-4525-A544-E88F26B1A37D}"
EndProject
Global
	GlobalSection(SolutionConfigurationPlatforms) = preSolution
		Debug|Any CPU = Debug|Any CPU
		Release|Any CPU = Release|Any CPU
	EndGlobalSection
	GlobalSection(ProjectConfigurationPlatforms) = postSolution
		{F6FA27C0-9F8D-4525-A544-E88F26B1A37D}.Debug|Any CPU.ActiveCfg = Debug|Any CPU
		{F6FA27C0-9F8D-4525-A544-E88F26B1A37D}.Debug|Any CPU.Build.0 = Debug|Any CPU
		{F6FA27C0-9F8D-4525-A544-E88F26B1A37D}.Release|Any CPU.ActiveCfg = Release|Any CPU
		{F6FA27C0-9F8D-4525-A544-E88F26B1A37D}.Release|Any CPU.Build.0 = Release|Any CPU
	EndGlobalSection
	GlobalSection(SolutionProperties) = preSolution
		HideSolutionNode = FALSE
	EndGlobalSection
	GlobalSection(ExtensibilityGlobals) = postSolution
		SolutionGuid = {710A6FEA-4E1D-4DEF-B748-3C94E7684139}
	EndGlobalSection
EndGlobal
